
Microsoft Visual Studio Solution File, Format Version 12.00
# Visual Studio Version 16
VisualStudioVersion = 16.0.30503.244
MinimumVisualStudioVersion = 10.0.40219.1
Project("{9A19103F-16F7-4668-BE54-9A1E7A4F7556}") = "Emby.Plugins.Douban", "Emby.Plugins.Douban.csproj", "{4CF1F3F3-C1D2-49F8-BC36-575FE32AF019}"
EndProject
Global
	GlobalSection(SolutionConfigurationPlatforms) = preSolution
		Debug|Any CPU = Debug|Any CPU
		Release|Any CPU = Release|Any CPU
	EndGlobalSection
	GlobalSection(ProjectConfigurationPlatforms) = postSolution
		{4CF1F3F3-C1D2-49F8-BC36-575FE32AF019}.Debug|Any CPU.ActiveCfg = Debug|Any CPU
		{4CF1F3F3-C1D2-49F8-BC36-575FE32AF019}.Debug|Any CPU.Build.0 = Debug|Any CPU
		{4CF1F3F3-C1D2-49F8-BC36-575FE32AF019}.Release|Any CPU.ActiveCfg = Release|Any CPU
		{4CF1F3F3-C1D2-49F8-BC36-575FE32AF019}.Release|Any CPU.Build.0 = Release|Any CPU
	EndGlobalSection
	GlobalSection(SolutionProperties) = preSolution
		HideSolutionNode = FALSE
	EndGlobalSection
	GlobalSection(ExtensibilityGlobals) = postSolution
		SolutionGuid = {FA7D11A2-3933-4CE0-AFB7-A65D8FFDADFE}
	EndGlobalSection
EndGlobal
